// !$*UTF8*$!
{
	archiveVersion = 1;
	classes = {
	};
	objectVersion = 48;
	objects = {

/* Begin PBXBuildFile section */
		423C7B2C2047A9CE0056117D /* AppDelegate.swift in Sources */ = {isa = PBXBuildFile; fileRef = 423C7B2B2047A9CE0056117D /* AppDelegate.swift */; };
		423C7B2E2047A9CE0056117D /* MasterViewController.swift in Sources */ = {isa = PBXBuildFile; fileRef = 423C7B2D2047A9CE0056117D /* MasterViewController.swift */; };
		423C7B302047A9CE0056117D /* DetailViewController.swift in Sources */ = {isa = PBXBuildFile; fileRef = 423C7B2F2047A9CE0056117D /* DetailViewController.swift */; };
		423C7B332047A9CE0056117D /* Main.storyboard in Resources */ = {isa = PBXBuildFile; fileRef = 423C7B312047A9CE0056117D /* Main.storyboard */; };
		423C7B352047A9CE0056117D /* Assets.xcassets in Resources */ = {isa = PBXBuildFile; fileRef = 423C7B342047A9CE0056117D /* Assets.xcassets */; };
		423C7B382047A9CE0056117D /* LaunchScreen.storyboard in Resources */ = {isa = PBXBuildFile; fileRef = 423C7B362047A9CE0056117D /* LaunchScreen.storyboard */; };
		423C7B412047AB320056117D /* Constants.swift in Sources */ = {isa = PBXBuildFile; fileRef = 423C7B402047AB320056117D /* Constants.swift */; };
		423C7B432047AB5C0056117D /* QueueContainer.swift in Sources */ = {isa = PBXBuildFile; fileRef = 423C7B422047AB5C0056117D /* QueueContainer.swift */; };
		423C7B482047AC660056117D /* CharacterInterface.swift in Sources */ = {isa = PBXBuildFile; fileRef = 423C7B472047AC660056117D /* CharacterInterface.swift */; };
		423C7B4A2047AC910056117D /* HttpInterface.swift in Sources */ = {isa = PBXBuildFile; fileRef = 423C7B492047AC910056117D /* HttpInterface.swift */; };
		423C7B4C2047ACBB0056117D /* HttpService.swift in Sources */ = {isa = PBXBuildFile; fileRef = 423C7B4B2047ACBB0056117D /* HttpService.swift */; };
		423C7B4F2047AD1C0056117D /* CharacterDO.swift in Sources */ = {isa = PBXBuildFile; fileRef = 423C7B4E2047AD1C0056117D /* CharacterDO.swift */; };
		423C7B552047AEB00056117D /* ParseDataInterface.swift in Sources */ = {isa = PBXBuildFile; fileRef = 423C7B542047AEB00056117D /* ParseDataInterface.swift */; };
		423C7B572047AED70056117D /* ParseHelperInterface.swift in Sources */ = {isa = PBXBuildFile; fileRef = 423C7B562047AED70056117D /* ParseHelperInterface.swift */; };
		423C7B592047AEF40056117D /* CharacterServiceInterface.swift in Sources */ = {isa = PBXBuildFile; fileRef = 423C7B582047AEF40056117D /* CharacterServiceInterface.swift */; };
		423C7B5B2047AF340056117D /* CharacterService.swift in Sources */ = {isa = PBXBuildFile; fileRef = 423C7B5A2047AF340056117D /* CharacterService.swift */; };
		423C7B5D2047AF600056117D /* ParseDataService.swift in Sources */ = {isa = PBXBuildFile; fileRef = 423C7B5C2047AF600056117D /* ParseDataService.swift */; };
		423C7B5F2047AF890056117D /* ParseHelper.swift in Sources */ = {isa = PBXBuildFile; fileRef = 423C7B5E2047AF890056117D /* ParseHelper.swift */; };
/* End PBXBuildFile section */

/* Begin PBXFileReference section */
		423C7B282047A9CE0056117D /* CharacterViewerApp.app */ = {isa = PBXFileReference; explicitFileType = wrapper.application; includeInIndex = 0; path = CharacterViewerApp.app; sourceTree = BUILT_PRODUCTS_DIR; };
		423C7B2B2047A9CE0056117D /* AppDelegate.swift */ = {isa = PBXFileReference; lastKnownFileType = sourcecode.swift; path = AppDelegate.swift; sourceTree = "<group>"; };
		423C7B2D2047A9CE0056117D /* MasterViewController.swift */ = {isa = PBXFileReference; lastKnownFileType = sourcecode.swift; path = MasterViewController.swift; sourceTree = "<group>"; };
		423C7B2F2047A9CE0056117D /* DetailViewController.swift */ = {isa = PBXFileReference; lastKnownFileType = sourcecode.swift; path = DetailViewController.swift; sourceTree = "<group>"; };
		423C7B322047A9CE0056117D /* Base */ = {isa = PBXFileReference; lastKnownFileType = file.storyboard; name = Base; path = Base.lproj/Main.storyboard; sourceTree = "<group>"; };
		423C7B342047A9CE0056117D /* Assets.xcassets */ = {isa = PBXFileReference; lastKnownFileType = folder.assetcatalog; path = Assets.xcassets; sourceTree = "<group>"; };
		423C7B372047A9CE0056117D /* Base */ = {isa = PBXFileReference; lastKnownFileType = file.storyboard; name = Base; path = Base.lproj/LaunchScreen.storyboard; sourceTree = "<group>"; };
		423C7B392047A9CE0056117D /* Info.plist */ = {isa = PBXFileReference; lastKnownFileType = text.plist.xml; path = Info.plist; sourceTree = "<group>"; };
		423C7B402047AB320056117D /* Constants.swift */ = {isa = PBXFileReference; lastKnownFileType = sourcecode.swift; path = Constants.swift; sourceTree = "<group>"; };
		423C7B422047AB5C0056117D /* QueueContainer.swift */ = {isa = PBXFileReference; lastKnownFileType = sourcecode.swift; path = QueueContainer.swift; sourceTree = "<group>"; };
		423C7B472047AC660056117D /* CharacterInterface.swift */ = {isa = PBXFileReference; lastKnownFileType = sourcecode.swift; path = CharacterInterface.swift; sourceTree = "<group>"; };
		423C7B492047AC910056117D /* HttpInterface.swift */ = {isa = PBXFileReference; lastKnownFileType = sourcecode.swift; path = HttpInterface.swift; sourceTree = "<group>"; };
		423C7B4B2047ACBB0056117D /* HttpService.swift */ = {isa = PBXFileReference; lastKnownFileType = sourcecode.swift; path = HttpService.swift; sourceTree = "<group>"; };
		423C7B4E2047AD1C0056117D /* CharacterDO.swift */ = {isa = PBXFileReference; lastKnownFileType = sourcecode.swift; path = CharacterDO.swift; sourceTree = "<group>"; };
		423C7B542047AEB00056117D /* ParseDataInterface.swift */ = {isa = PBXFileReference; lastKnownFileType = sourcecode.swift; path = ParseDataInterface.swift; sourceTree = "<group>"; };
		423C7B562047AED70056117D /* ParseHelperInterface.swift */ = {isa = PBXFileReference; lastKnownFileType = sourcecode.swift; path = ParseHelperInterface.swift; sourceTree = "<group>"; };
		423C7B582047AEF40056117D /* CharacterServiceInterface.swift */ = {isa = PBXFileReference; lastKnownFileType = sourcecode.swift; path = CharacterServiceInterface.swift; sourceTree = "<group>"; };
		423C7B5A2047AF340056117D /* CharacterService.swift */ = {isa = PBXFileReference; lastKnownFileType = sourcecode.swift; path = CharacterService.swift; sourceTree = "<group>"; };
		423C7B5C2047AF600056117D /* ParseDataService.swift */ = {isa = PBXFileReference; lastKnownFileType = sourcecode.swift; path = ParseDataService.swift; sourceTree = "<group>"; };
		423C7B5E2047AF890056117D /* ParseHelper.swift */ = {isa = PBXFileReference; lastKnownFileType = sourcecode.swift; path = ParseHelper.swift; sourceTree = "<group>"; };
/* End PBXFileReference section */

/* Begin PBXFrameworksBuildPhase section */
		423C7B252047A9CE0056117D /* Frameworks */ = {
			isa = PBXFrameworksBuildPhase;
			buildActionMask = 2147483647;
			files = (
			);
			runOnlyForDeploymentPostprocessing = 0;
		};
/* End PBXFrameworksBuildPhase section */

/* Begin PBXGroup section */
		423C7B1F2047A9CE0056117D = {
			isa = PBXGroup;
			children = (
				423C7B2A2047A9CE0056117D /* CharacterViewerApp */,
				423C7B292047A9CE0056117D /* Products */,
			);
			sourceTree = "<group>";
		};
		423C7B292047A9CE0056117D /* Products */ = {
			isa = PBXGroup;
			children = (
				423C7B282047A9CE0056117D /* CharacterViewerApp.app */,
			);
			name = Products;
			sourceTree = "<group>";
		};
		423C7B2A2047A9CE0056117D /* CharacterViewerApp */ = {
			isa = PBXGroup;
			children = (
				423C7B502047AE400056117D /* App Services */,
				423C7B442047ABE90056117D /* Data Access */,
				423C7B3F2047AB0D0056117D /* Helpers */,
				423C7B2B2047A9CE0056117D /* AppDelegate.swift */,
				423C7B2D2047A9CE0056117D /* MasterViewController.swift */,
				423C7B2F2047A9CE0056117D /* DetailViewController.swift */,
				423C7B312047A9CE0056117D /* Main.storyboard */,
				423C7B342047A9CE0056117D /* Assets.xcassets */,
				423C7B362047A9CE0056117D /* LaunchScreen.storyboard */,
				423C7B392047A9CE0056117D /* Info.plist */,
			);
			path = CharacterViewerApp;
			sourceTree = "<group>";
		};
		423C7B3F2047AB0D0056117D /* Helpers */ = {
			isa = PBXGroup;
			children = (
				423C7B402047AB320056117D /* Constants.swift */,
				423C7B422047AB5C0056117D /* QueueContainer.swift */,
			);
			path = Helpers;
			sourceTree = "<group>";
		};
		423C7B442047ABE90056117D /* Data Access */ = {
			isa = PBXGroup;
			children = (
				423C7B4D2047AD050056117D /* Models */,
				423C7B462047AC400056117D /* Interfaces */,
				423C7B452047AC1F0056117D /* Networking */,
			);
			path = "Data Access";
			sourceTree = "<group>";
		};
		423C7B452047AC1F0056117D /* Networking */ = {
			isa = PBXGroup;
			children = (
				423C7B4B2047ACBB0056117D /* HttpService.swift */,
			);
			path = Networking;
			sourceTree = "<group>";
		};
		423C7B462047AC400056117D /* Interfaces */ = {
			isa = PBXGroup;
			children = (
				423C7B472047AC660056117D /* CharacterInterface.swift */,
				423C7B492047AC910056117D /* HttpInterface.swift */,
			);
			path = Interfaces;
			sourceTree = "<group>";
		};
		423C7B4D2047AD050056117D /* Models */ = {
			isa = PBXGroup;
			children = (
				423C7B4E2047AD1C0056117D /* CharacterDO.swift */,
			);
			path = Models;
			sourceTree = "<group>";
		};
		423C7B502047AE400056117D /* App Services */ = {
			isa = PBXGroup;
			children = (
				423C7B532047AE890056117D /* Helpers */,
				423C7B522047AE770056117D /* Interfaces */,
				423C7B512047AE5E0056117D /* Services */,
			);
			path = "App Services";
			sourceTree = "<group>";
		};
		423C7B512047AE5E0056117D /* Services */ = {
			isa = PBXGroup;
			children = (
				423C7B5A2047AF340056117D /* CharacterService.swift */,
				423C7B5C2047AF600056117D /* ParseDataService.swift */,
			);
			path = Services;
			sourceTree = "<group>";
		};
		423C7B522047AE770056117D /* Interfaces */ = {
			isa = PBXGroup;
			children = (
				423C7B542047AEB00056117D /* ParseDataInterface.swift */,
				423C7B562047AED70056117D /* ParseHelperInterface.swift */,
				423C7B582047AEF40056117D /* CharacterServiceInterface.swift */,
			);
			path = Interfaces;
			sourceTree = "<group>";
		};
		423C7B532047AE890056117D /* Helpers */ = {
			isa = PBXGroup;
			children = (
				423C7B5E2047AF890056117D /* ParseHelper.swift */,
			);
			path = Helpers;
			sourceTree = "<group>";
		};
/* End PBXGroup section */

/* Begin PBXNativeTarget section */
		423C7B272047A9CE0056117D /* CharacterViewerApp */ = {
			isa = PBXNativeTarget;
			buildConfigurationList = 423C7B3C2047A9CE0056117D /* Build configuration list for PBXNativeTarget "CharacterViewerApp" */;
			buildPhases = (
				423C7B242047A9CE0056117D /* Sources */,
				423C7B252047A9CE0056117D /* Frameworks */,
				423C7B262047A9CE0056117D /* Resources */,
			);
			buildRules = (
			);
			dependencies = (
			);
			name = CharacterViewerApp;
			productName = CharacterViewerApp;
			productReference = 423C7B282047A9CE0056117D /* CharacterViewerApp.app */;
			productType = "com.apple.product-type.application";
		};
/* End PBXNativeTarget section */

/* Begin PBXProject section */
		423C7B202047A9CE0056117D /* Project object */ = {
			isa = PBXProject;
			attributes = {
				LastSwiftUpdateCheck = 0920;
				LastUpgradeCheck = 0920;
				ORGANIZATIONNAME = "Nate Jackson";
				TargetAttributes = {
					423C7B272047A9CE0056117D = {
						CreatedOnToolsVersion = 9.2;
						ProvisioningStyle = Automatic;
					};
				};
			};
			buildConfigurationList = 423C7B232047A9CE0056117D /* Build configuration list for PBXProject "CharacterViewerApp" */;
			compatibilityVersion = "Xcode 8.0";
			developmentRegion = en;
			hasScannedForEncodings = 0;
			knownRegions = (
				en,
				Base,
			);
			mainGroup = 423C7B1F2047A9CE0056117D;
			productRefGroup = 423C7B292047A9CE0056117D /* Products */;
			projectDirPath = "";
			projectRoot = "";
			targets = (
				423C7B272047A9CE0056117D /* CharacterViewerApp */,
			);
		};
/* End PBXProject section */

/* Begin PBXResourcesBuildPhase section */
		423C7B262047A9CE0056117D /* Resources */ = {
			isa = PBXResourcesBuildPhase;
			buildActionMask = 2147483647;
			files = (
				423C7B382047A9CE0056117D /* LaunchScreen.storyboard in Resources */,
				423C7B352047A9CE0056117D /* Assets.xcassets in Resources */,
				423C7B332047A9CE0056117D /* Main.storyboard in Resources */,
			);
			runOnlyForDeploymentPostprocessing = 0;
		};
/* End PBXResourcesBuildPhase section */

/* Begin PBXSourcesBuildPhase section */
		423C7B242047A9CE0056117D /* Sources */ = {
			isa = PBXSourcesBuildPhase;
			buildActionMask = 2147483647;
			files = (
				423C7B302047A9CE0056117D /* DetailViewController.swift in Sources */,
				423C7B482047AC660056117D /* CharacterInterface.swift in Sources */,
				423C7B2E2047A9CE0056117D /* MasterViewController.swift in Sources */,
				423C7B572047AED70056117D /* ParseHelperInterface.swift in Sources */,
				423C7B4F2047AD1C0056117D /* CharacterDO.swift in Sources */,
				423C7B592047AEF40056117D /* CharacterServiceInterface.swift in Sources */,
				423C7B2C2047A9CE0056117D /* AppDelegate.swift in Sources */,
				423C7B432047AB5C0056117D /* QueueContainer.swift in Sources */,
				423C7B4C2047ACBB0056117D /* HttpService.swift in Sources */,
				423C7B412047AB320056117D /* Constants.swift in Sources */,
				423C7B4A2047AC910056117D /* HttpInterface.swift in Sources */,
				423C7B5D2047AF600056117D /* ParseDataService.swift in Sources */,
				423C7B5B2047AF340056117D /* CharacterService.swift in Sources */,
				423C7B552047AEB00056117D /* ParseDataInterface.swift in Sources */,
				423C7B5F2047AF890056117D /* ParseHelper.swift in Sources */,
			);
			runOnlyForDeploymentPostprocessing = 0;
		};
/* End PBXSourcesBuildPhase section */

/* Begin PBXVariantGroup section */
		423C7B312047A9CE0056117D /* Main.storyboard */ = {
			isa = PBXVariantGroup;
			children = (
				423C7B322047A9CE0056117D /* Base */,
			);
			name = Main.storyboard;
			sourceTree = "<group>";
		};
		423C7B362047A9CE0056117D /* LaunchScreen.storyboard */ = {
			isa = PBXVariantGroup;
			children = (
				423C7B372047A9CE0056117D /* Base */,
			);
			name = LaunchScreen.storyboard;
			sourceTree = "<group>";
		};
/* End PBXVariantGroup section */

/* Begin XCBuildConfiguration section */
		423C7B3A2047A9CE0056117D /* Debug */ = {
			isa = XCBuildConfiguration;
			buildSettings = {
				ALWAYS_SEARCH_USER_PATHS = NO;
				CLANG_ANALYZER_NONNULL = YES;
				CLANG_ANALYZER_NUMBER_OBJECT_CONVERSION = YES_AGGRESSIVE;
				CLANG_CXX_LANGUAGE_STANDARD = "gnu++14";
				CLANG_CXX_LIBRARY = "libc++";
				CLANG_ENABLE_MODULES = YES;
				CLANG_ENABLE_OBJC_ARC = YES;
				CLANG_WARN_BLOCK_CAPTURE_AUTORELEASING = YES;
				CLANG_WARN_BOOL_CONVERSION = YES;
				CLANG_WARN_COMMA = YES;
				CLANG_WARN_CONSTANT_CONVERSION = YES;
				CLANG_WARN_DIRECT_OBJC_ISA_USAGE = YES_ERROR;
				CLANG_WARN_DOCUMENTATION_COMMENTS = YES;
				CLANG_WARN_EMPTY_BODY = YES;
				CLANG_WARN_ENUM_CONVERSION = YES;
				CLANG_WARN_INFINITE_RECURSION = YES;
				CLANG_WARN_INT_CONVERSION = YES;
				CLANG_WARN_NON_LITERAL_NULL_CONVERSION = YES;
				CLANG_WARN_OBJC_LITERAL_CONVERSION = YES;
				CLANG_WARN_OBJC_ROOT_CLASS = YES_ERROR;
				CLANG_WARN_RANGE_LOOP_ANALYSIS = YES;
				CLANG_WARN_STRICT_PROTOTYPES = YES;
				CLANG_WARN_SUSPICIOUS_MOVE = YES;
				CLANG_WARN_UNGUARDED_AVAILABILITY = YES_AGGRESSIVE;
				CLANG_WARN_UNREACHABLE_CODE = YES;
				CLANG_WARN__DUPLICATE_METHOD_MATCH = YES;
				CODE_SIGN_IDENTITY = "iPhone Developer";
				COPY_PHASE_STRIP = NO;
				DEBUG_INFORMATION_FORMAT = dwarf;
				ENABLE_STRICT_OBJC_MSGSEND = YES;
				ENABLE_TESTABILITY = YES;
				GCC_C_LANGUAGE_STANDARD = gnu11;
				GCC_DYNAMIC_NO_PIC = NO;
				GCC_NO_COMMON_BLOCKS = YES;
				GCC_OPTIMIZATION_LEVEL = 0;
				GCC_PREPROCESSOR_DEFINITIONS = (
					"DEBUG=1",
					"$(inherited)",
				);
				GCC_WARN_64_TO_32_BIT_CONVERSION = YES;
				GCC_WARN_ABOUT_RETURN_TYPE = YES_ERROR;
				GCC_WARN_UNDECLARED_SELECTOR = YES;
				GCC_WARN_UNINITIALIZED_AUTOS = YES_AGGRESSIVE;
				GCC_WARN_UNUSED_FUNCTION = YES;
				GCC_WARN_UNUSED_VARIABLE = YES;
				IPHONEOS_DEPLOYMENT_TARGET = 11.2;
				MTL_ENABLE_DEBUG_INFO = YES;
				ONLY_ACTIVE_ARCH = YES;
				SDKROOT = iphoneos;
				SWIFT_ACTIVE_COMPILATION_CONDITIONS = DEBUG;
				SWIFT_OPTIMIZATION_LEVEL = "-Onone";
			};
			name = Debug;
		};
		423C7B3B2047A9CE0056117D /* Release */ = {
			isa = XCBuildConfiguration;
			buildSettings = {
				ALWAYS_SEARCH_USER_PATHS = NO;
				CLANG_ANALYZER_NONNULL = YES;
				CLANG_ANALYZER_NUMBER_OBJECT_CONVERSION = YES_AGGRESSIVE;
				CLANG_CXX_LANGUAGE_STANDARD = "gnu++14";
				CLANG_CXX_LIBRARY = "libc++";
				CLANG_ENABLE_MODULES = YES;
				CLANG_ENABLE_OBJC_ARC = YES;
				CLANG_WARN_BLOCK_CAPTURE_AUTORELEASING = YES;
				CLANG_WARN_BOOL_CONVERSION = YES;
				CLANG_WARN_COMMA = YES;
				CLANG_WARN_CONSTANT_CONVERSION = YES;
				CLANG_WARN_DIRECT_OBJC_ISA_USAGE = YES_ERROR;
				CLANG_WARN_DOCUMENTATION_COMMENTS = YES;
				CLANG_WARN_EMPTY_BODY = YES;
				CLANG_WARN_ENUM_CONVERSION = YES;
				CLANG_WARN_INFINITE_RECURSION = YES;
				CLANG_WARN_INT_CONVERSION = YES;
				CLANG_WARN_NON_LITERAL_NULL_CONVERSION = YES;
				CLANG_WARN_OBJC_LITERAL_CONVERSION = YES;
				CLANG_WARN_OBJC_ROOT_CLASS = YES_ERROR;
				CLANG_WARN_RANGE_LOOP_ANALYSIS = YES;
				CLANG_WARN_STRICT_PROTOTYPES = YES;
				CLANG_WARN_SUSPICIOUS_MOVE = YES;
				CLANG_WARN_UNGUARDED_AVAILABILITY = YES_AGGRESSIVE;
				CLANG_WARN_UNREACHABLE_CODE = YES;
				CLANG_WARN__DUPLICATE_METHOD_MATCH = YES;
				CODE_SIGN_IDENTITY = "iPhone Developer";
				COPY_PHASE_STRIP = NO;
				DEBUG_INFORMATION_FORMAT = "dwarf-with-dsym";
				ENABLE_NS_ASSERTIONS = NO;
				ENABLE_STRICT_OBJC_MSGSEND = YES;
				GCC_C_LANGUAGE_STANDARD = gnu11;
				GCC_NO_COMMON_BLOCKS = YES;
				GCC_WARN_64_TO_32_BIT_CONVERSION = YES;
				GCC_WARN_ABOUT_RETURN_TYPE = YES_ERROR;
				GCC_WARN_UNDECLARED_SELECTOR = YES;
				GCC_WARN_UNINITIALIZED_AUTOS = YES_AGGRESSIVE;
				GCC_WARN_UNUSED_FUNCTION = YES;
				GCC_WARN_UNUSED_VARIABLE = YES;
				IPHONEOS_DEPLOYMENT_TARGET = 11.2;
				MTL_ENABLE_DEBUG_INFO = NO;
				SDKROOT = iphoneos;
				SWIFT_OPTIMIZATION_LEVEL = "-Owholemodule";
				VALIDATE_PRODUCT = YES;
			};
			name = Release;
		};
		423C7B3D2047A9CE0056117D /* Debug */ = {
			isa = XCBuildConfiguration;
			buildSettings = {
				ASSETCATALOG_COMPILER_APPICON_NAME = AppIcon;
				CODE_SIGN_STYLE = Automatic;
				DEVELOPMENT_TEAM = 8RL5LLLYQD;
				INFOPLIST_FILE = CharacterViewerApp/Info.plist;
				LD_RUNPATH_SEARCH_PATHS = "$(inherited) @executable_path/Frameworks";
				PRODUCT_BUNDLE_IDENTIFIER = com.Borg.CharacterViewerApp;
				PRODUCT_NAME = "$(TARGET_NAME)";
				SWIFT_VERSION = 4.0;
				TARGETED_DEVICE_FAMILY = "1,2";
			};
			name = Debug;
		};
		423C7B3E2047A9CE0056117D /* Release */ = {
			isa = XCBuildConfiguration;
			buildSettings = {
				ASSETCATALOG_COMPILER_APPICON_NAME = AppIcon;
				CODE_SIGN_STYLE = Automatic;
				DEVELOPMENT_TEAM = 8RL5LLLYQD;
				INFOPLIST_FILE = CharacterViewerApp/Info.plist;
				LD_RUNPATH_SEARCH_PATHS = "$(inherited) @executable_path/Frameworks";
				PRODUCT_BUNDLE_IDENTIFIER = com.Borg.CharacterViewerApp;
				PRODUCT_NAME = "$(TARGET_NAME)";
				SWIFT_VERSION = 4.0;
				TARGETED_DEVICE_FAMILY = "1,2";
			};
			name = Release;
		};
/* End XCBuildConfiguration section */

/* Begin XCConfigurationList section */
		423C7B232047A9CE0056117D /* Build configuration list for PBXProject "CharacterViewerApp" */ = {
			isa = XCConfigurationList;
			buildConfigurations = (
				423C7B3A2047A9CE0056117D /* Debug */,
				423C7B3B2047A9CE0056117D /* Release */,
			);
			defaultConfigurationIsVisible = 0;
			defaultConfigurationName = Release;
		};
		423C7B3C2047A9CE0056117D /* Build configuration list for PBXNativeTarget "CharacterViewerApp" */ = {
			isa = XCConfigurationList;
			buildConfigurations = (
				423C7B3D2047A9CE0056117D /* Debug */,
				423C7B3E2047A9CE0056117D /* Release */,
			);
			defaultConfigurationIsVisible = 0;
			defaultConfigurationName = Release;
		};
/* End XCConfigurationList section */
	};
	rootObject = 423C7B202047A9CE0056117D /* Project object */;
}
